
Microsoft Visual Studio Solution File, Format Version 12.00
# Visual Studio Version 17
VisualStudioVersion = 17.1.32210.238
MinimumVisualStudioVersion = 10.0.40219.1
Project("{2150E333-8FDC-42A3-9474-1A3956D46DE8}") = "Solution Items", "Solution Items", "{D91878D6-262E-4DCA-AFA1-37942161C362}"
	ProjectSection(SolutionItems) = preProject
		..\README.md = ..\README.md
		..\TODO.md = ..\TODO.md
	EndProjectSection
EndProject
Project("{9A19103F-16F7-4668-BE54-9A1E7A4F7556}") = "Buddhabrot.Benchmarks", "Buddhabrot.Benchmarks\Buddhabrot.Benchmarks.csproj", "{E983D290-F91E-4BF6-AD58-19FA558C0560}"
EndProject
Project("{9A19103F-16F7-4668-BE54-9A1E7A4F7556}") = "Buddhabrot.Core", "Buddhabrot.Core\Buddhabrot.Core.csproj", "{2CAF96A9-247F-4FCC-9092-56470AEC2A93}"
EndProject
Project("{9A19103F-16F7-4668-BE54-9A1E7A4F7556}") = "BoundaryFinder", "BoundaryFinder\BoundaryFinder.csproj", "{17EE5178-D3E1-413B-A81E-4DF75D53ED3F}"
EndProject
Project("{9A19103F-16F7-4668-BE54-9A1E7A4F7556}") = "Buddhabrot.Core.Tests", "Buddhabrot.Core.Tests\Buddhabrot.Core.Tests.csproj", "{E82D8C6A-E711-4AEF-8581-12748D6BEE32}"
EndProject
Project("{9A19103F-16F7-4668-BE54-9A1E7A4F7556}") = "Buddhabrot.ManualVisualizations", "Buddhabrot.ManualVisualizations\Buddhabrot.ManualVisualizations.csproj", "{26398991-6EAC-4338-B3C3-7688774C87EA}"
EndProject
Project("{9A19103F-16F7-4668-BE54-9A1E7A4F7556}") = "BoundaryFinder.Tests", "BoundaryFinder.Tests\BoundaryFinder.Tests.csproj", "{0F43442F-0027-4A64-B47F-358CDEB5E158}"
EndProject
Global
	GlobalSection(SolutionConfigurationPlatforms) = preSolution
		Debug|Any CPU = Debug|Any CPU
		Debug|x64 = Debug|x64
		Release|Any CPU = Release|Any CPU
		Release|x64 = Release|x64
	EndGlobalSection
	GlobalSection(ProjectConfigurationPlatforms) = postSolution
		{E983D290-F91E-4BF6-AD58-19FA558C0560}.Debug|Any CPU.ActiveCfg = Debug|Any CPU
		{E983D290-F91E-4BF6-AD58-19FA558C0560}.Debug|Any CPU.Build.0 = Debug|Any CPU
		{E983D290-F91E-4BF6-AD58-19FA558C0560}.Debug|x64.ActiveCfg = Debug|Any CPU
		{E983D290-F91E-4BF6-AD58-19FA558C0560}.Debug|x64.Build.0 = Debug|Any CPU
		{E983D290-F91E-4BF6-AD58-19FA558C0560}.Release|Any CPU.ActiveCfg = Release|Any CPU
		{E983D290-F91E-4BF6-AD58-19FA558C0560}.Release|Any CPU.Build.0 = Release|Any CPU
		{E983D290-F91E-4BF6-AD58-19FA558C0560}.Release|x64.ActiveCfg = Release|Any CPU
		{E983D290-F91E-4BF6-AD58-19FA558C0560}.Release|x64.Build.0 = Release|Any CPU
		{2CAF96A9-247F-4FCC-9092-56470AEC2A93}.Debug|Any CPU.ActiveCfg = Debug|Any CPU
		{2CAF96A9-247F-4FCC-9092-56470AEC2A93}.Debug|Any CPU.Build.0 = Debug|Any CPU
		{2CAF96A9-247F-4FCC-9092-56470AEC2A93}.Debug|x64.ActiveCfg = Debug|Any CPU
		{2CAF96A9-247F-4FCC-9092-56470AEC2A93}.Debug|x64.Build.0 = Debug|Any CPU
		{2CAF96A9-247F-4FCC-9092-56470AEC2A93}.Release|Any CPU.ActiveCfg = Release|Any CPU
		{2CAF96A9-247F-4FCC-9092-56470AEC2A93}.Release|Any CPU.Build.0 = Release|Any CPU
		{2CAF96A9-247F-4FCC-9092-56470AEC2A93}.Release|x64.ActiveCfg = Release|Any CPU
		{2CAF96A9-247F-4FCC-9092-56470AEC2A93}.Release|x64.Build.0 = Release|Any CPU
		{17EE5178-D3E1-413B-A81E-4DF75D53ED3F}.Debug|Any CPU.ActiveCfg = Debug|Any CPU
		{17EE5178-D3E1-413B-A81E-4DF75D53ED3F}.Debug|Any CPU.Build.0 = Debug|Any CPU
		{17EE5178-D3E1-413B-A81E-4DF75D53ED3F}.Debug|x64.ActiveCfg = Debug|Any CPU
		{17EE5178-D3E1-413B-A81E-4DF75D53ED3F}.Debug|x64.Build.0 = Debug|Any CPU
		{17EE5178-D3E1-413B-A81E-4DF75D53ED3F}.Release|Any CPU.ActiveCfg = Release|Any CPU
		{17EE5178-D3E1-413B-A81E-4DF75D53ED3F}.Release|Any CPU.Build.0 = Release|Any CPU
		{17EE5178-D3E1-413B-A81E-4DF75D53ED3F}.Release|x64.ActiveCfg = Release|Any CPU
		{17EE5178-D3E1-413B-A81E-4DF75D53ED3F}.Release|x64.Build.0 = Release|Any CPU
		{E82D8C6A-E711-4AEF-8581-12748D6BEE32}.Debug|Any CPU.ActiveCfg = Debug|Any CPU
		{E82D8C6A-E711-4AEF-8581-12748D6BEE32}.Debug|Any CPU.Build.0 = Debug|Any CPU
		{E82D8C6A-E711-4AEF-8581-12748D6BEE32}.Debug|x64.ActiveCfg = Debug|Any CPU
		{E82D8C6A-E711-4AEF-8581-12748D6BEE32}.Debug|x64.Build.0 = Debug|Any CPU
		{E82D8C6A-E711-4AEF-8581-12748D6BEE32}.Release|Any CPU.ActiveCfg = Release|Any CPU
		{E82D8C6A-E711-4AEF-8581-12748D6BEE32}.Release|Any CPU.Build.0 = Release|Any CPU
		{E82D8C6A-E711-4AEF-8581-12748D6BEE32}.Release|x64.ActiveCfg = Release|Any CPU
		{E82D8C6A-E711-4AEF-8581-12748D6BEE32}.Release|x64.Build.0 = Release|Any CPU
		{26398991-6EAC-4338-B3C3-7688774C87EA}.Debug|Any CPU.ActiveCfg = Debug|Any CPU
		{26398991-6EAC-4338-B3C3-7688774C87EA}.Debug|Any CPU.Build.0 = Debug|Any CPU
		{26398991-6EAC-4338-B3C3-7688774C87EA}.Debug|x64.ActiveCfg = Debug|Any CPU
		{26398991-6EAC-4338-B3C3-7688774C87EA}.Debug|x64.Build.0 = Debug|Any CPU
		{26398991-6EAC-4338-B3C3-7688774C87EA}.Release|Any CPU.ActiveCfg = Release|Any CPU
		{26398991-6EAC-4338-B3C3-7688774C87EA}.Release|Any CPU.Build.0 = Release|Any CPU
		{26398991-6EAC-4338-B3C3-7688774C87EA}.Release|x64.ActiveCfg = Release|Any CPU
		{26398991-6EAC-4338-B3C3-7688774C87EA}.Release|x64.Build.0 = Release|Any CPU
		{0F43442F-0027-4A64-B47F-358CDEB5E158}.Debug|Any CPU.ActiveCfg = Debug|Any CPU
		{0F43442F-0027-4A64-B47F-358CDEB5E158}.Debug|Any CPU.Build.0 = Debug|Any CPU
		{0F43442F-0027-4A64-B47F-358CDEB5E158}.Debug|x64.ActiveCfg = Debug|Any CPU
		{0F43442F-0027-4A64-B47F-358CDEB5E158}.Debug|x64.Build.0 = Debug|Any CPU
		{0F43442F-0027-4A64-B47F-358CDEB5E158}.Release|Any CPU.ActiveCfg = Release|Any CPU
		{0F43442F-0027-4A64-B47F-358CDEB5E158}.Release|Any CPU.Build.0 = Release|Any CPU
		{0F43442F-0027-4A64-B47F-358CDEB5E158}.Release|x64.ActiveCfg = Release|Any CPU
		{0F43442F-0027-4A64-B47F-358CDEB5E158}.Release|x64.Build.0 = Release|Any CPU
	EndGlobalSection
	GlobalSection(SolutionProperties) = preSolution
		HideSolutionNode = FALSE
	EndGlobalSection
	GlobalSection(ExtensibilityGlobals) = postSolution
		SolutionGuid = {D10342AA-513B-4336-89D9-87FDC867CDCA}
	EndGlobalSection
EndGlobal
