
Microsoft Visual Studio Solution File, Format Version 12.00
# Visual Studio 15
VisualStudioVersion = 15.0.26430.6
MinimumVisualStudioVersion = 10.0.40219.1
Project("{FAE04EC0-301F-11D3-BF4B-00C04F79EFBC}") = "Buddhabrot", "Buddhabrot\Buddhabrot.csproj", "{E96B5724-766E-46AF-9B6D-56C8DBA30AC6}"
EndProject
Project("{2150E333-8FDC-42A3-9474-1A3956D46DE8}") = "Solution Items", "Solution Items", "{D91878D6-262E-4DCA-AFA1-37942161C362}"
	ProjectSection(SolutionItems) = preProject
		..\README.md = ..\README.md
	EndProjectSection
EndProject
Project("{FAE04EC0-301F-11D3-BF4B-00C04F79EFBC}") = "Tests", "Tests\Tests.csproj", "{D522093A-E31B-4199-9A0C-12BF6C3B69C9}"
EndProject
Project("{FAE04EC0-301F-11D3-BF4B-00C04F79EFBC}") = "Buddhabrot.Benchmarks", "Buddhabrot.Benchmarks\Buddhabrot.Benchmarks.csproj", "{90404397-529E-4C6C-A6E1-32698D3974A8}"
EndProject
Global
	GlobalSection(SolutionConfigurationPlatforms) = preSolution
		Debug|x64 = Debug|x64
		Release|x64 = Release|x64
	EndGlobalSection
	GlobalSection(ProjectConfigurationPlatforms) = postSolution
		{E96B5724-766E-46AF-9B6D-56C8DBA30AC6}.Debug|x64.ActiveCfg = Debug|x64
		{E96B5724-766E-46AF-9B6D-56C8DBA30AC6}.Debug|x64.Build.0 = Debug|x64
		{E96B5724-766E-46AF-9B6D-56C8DBA30AC6}.Release|x64.ActiveCfg = Release|x64
		{E96B5724-766E-46AF-9B6D-56C8DBA30AC6}.Release|x64.Build.0 = Release|x64
		{D522093A-E31B-4199-9A0C-12BF6C3B69C9}.Debug|x64.ActiveCfg = Debug|x64
		{D522093A-E31B-4199-9A0C-12BF6C3B69C9}.Debug|x64.Build.0 = Debug|x64
		{D522093A-E31B-4199-9A0C-12BF6C3B69C9}.Release|x64.ActiveCfg = Release|x64
		{D522093A-E31B-4199-9A0C-12BF6C3B69C9}.Release|x64.Build.0 = Release|x64
		{90404397-529E-4C6C-A6E1-32698D3974A8}.Debug|x64.ActiveCfg = Debug|x64
		{90404397-529E-4C6C-A6E1-32698D3974A8}.Debug|x64.Build.0 = Debug|x64
		{90404397-529E-4C6C-A6E1-32698D3974A8}.Release|x64.ActiveCfg = Release|x64
		{90404397-529E-4C6C-A6E1-32698D3974A8}.Release|x64.Build.0 = Release|x64
	EndGlobalSection
	GlobalSection(SolutionProperties) = preSolution
		HideSolutionNode = FALSE
	EndGlobalSection
EndGlobal
